
Microsoft Visual Studio Solution File, Format Version 12.00
# Visual Studio Version 16
VisualStudioVersion = 25.0.1706.3
MinimumVisualStudioVersion = 10.0.40219.1
Project("{FAE04EC0-301F-11D3-BF4B-00C04F79EFBC}") = "DotNetAPI", "DotNetAPI\DotNetAPI.csproj", "{85AB96AE-2C9E-4C95-A059-4A71873FDA7A}"
EndProject
Global
	GlobalSection(SolutionConfigurationPlatforms) = preSolution
		Debug|Any CPU = Debug|Any CPU
		Release|Any CPU = Release|Any CPU
	EndGlobalSection
	GlobalSection(ProjectConfigurationPlatforms) = postSolution
		{85AB96AE-2C9E-4C95-A059-4A71873FDA7A}.Debug|Any CPU.ActiveCfg = Debug|Any CPU
		{85AB96AE-2C9E-4C95-A059-4A71873FDA7A}.Debug|Any CPU.Build.0 = Debug|Any CPU
		{85AB96AE-2C9E-4C95-A059-4A71873FDA7A}.Release|Any CPU.ActiveCfg = Release|Any CPU
		{85AB96AE-2C9E-4C95-A059-4A71873FDA7A}.Release|Any CPU.Build.0 = Release|Any CPU
	EndGlobalSection
	GlobalSection(SolutionProperties) = preSolution
		HideSolutionNode = FALSE
	EndGlobalSection
	GlobalSection(ExtensibilityGlobals) = postSolution
		SolutionGuid = {F6E1BCC0-08F7-4A44-8A6D-D079DD052332}
	EndGlobalSection
EndGlobal
